
Microsoft Visual Studio Solution File, Format Version 12.00
# Visual Studio Version 17
VisualStudioVersion = 17.10.34916.146
MinimumVisualStudioVersion = 10.0.40219.1
Project("{FAE04EC0-301F-11D3-BF4B-00C04F79EFBC}") = "Foody.EntityLayer", "Foody.EntityLayer\Foody.EntityLayer.csproj", "{69033715-10C1-4F39-B478-A8AA328F943B}"
EndProject
Project("{FAE04EC0-301F-11D3-BF4B-00C04F79EFBC}") = "Foody.DataAccessLayer", "Foody.DataAccessLayer\Foody.DataAccessLayer.csproj", "{8A0E4EE3-1D36-49C3-941C-B2C0B6D0E788}"
EndProject
Project("{FAE04EC0-301F-11D3-BF4B-00C04F79EFBC}") = "Foody.BusinessLayer", "Foody.BusinessLayer\Foody.BusinessLayer.csproj", "{C531F1B6-A46D-4692-B32B-7A226487C844}"
EndProject
Project("{FAE04EC0-301F-11D3-BF4B-00C04F79EFBC}") = "Foody.PresentationLayer", "Foody.PresentationLayer\Foody.PresentationLayer.csproj", "{828B6B63-ABD9-4A5C-8BB9-E930F04F33C0}"
EndProject
Global
	GlobalSection(SolutionConfigurationPlatforms) = preSolution
		Debug|Any CPU = Debug|Any CPU
		Release|Any CPU = Release|Any CPU
	EndGlobalSection
	GlobalSection(ProjectConfigurationPlatforms) = postSolution
		{69033715-10C1-4F39-B478-A8AA328F943B}.Debug|Any CPU.ActiveCfg = Debug|Any CPU
		{69033715-10C1-4F39-B478-A8AA328F943B}.Debug|Any CPU.Build.0 = Debug|Any CPU
		{69033715-10C1-4F39-B478-A8AA328F943B}.Release|Any CPU.ActiveCfg = Release|Any CPU
		{69033715-10C1-4F39-B478-A8AA328F943B}.Release|Any CPU.Build.0 = Release|Any CPU
		{8A0E4EE3-1D36-49C3-941C-B2C0B6D0E788}.Debug|Any CPU.ActiveCfg = Debug|Any CPU
		{8A0E4EE3-1D36-49C3-941C-B2C0B6D0E788}.Debug|Any CPU.Build.0 = Debug|Any CPU
		{8A0E4EE3-1D36-49C3-941C-B2C0B6D0E788}.Release|Any CPU.ActiveCfg = Release|Any CPU
		{8A0E4EE3-1D36-49C3-941C-B2C0B6D0E788}.Release|Any CPU.Build.0 = Release|Any CPU
		{C531F1B6-A46D-4692-B32B-7A226487C844}.Debug|Any CPU.ActiveCfg = Debug|Any CPU
		{C531F1B6-A46D-4692-B32B-7A226487C844}.Debug|Any CPU.Build.0 = Debug|Any CPU
		{C531F1B6-A46D-4692-B32B-7A226487C844}.Release|Any CPU.ActiveCfg = Release|Any CPU
		{C531F1B6-A46D-4692-B32B-7A226487C844}.Release|Any CPU.Build.0 = Release|Any CPU
		{828B6B63-ABD9-4A5C-8BB9-E930F04F33C0}.Debug|Any CPU.ActiveCfg = Debug|Any CPU
		{828B6B63-ABD9-4A5C-8BB9-E930F04F33C0}.Debug|Any CPU.Build.0 = Debug|Any CPU
		{828B6B63-ABD9-4A5C-8BB9-E930F04F33C0}.Release|Any CPU.ActiveCfg = Release|Any CPU
		{828B6B63-ABD9-4A5C-8BB9-E930F04F33C0}.Release|Any CPU.Build.0 = Release|Any CPU
	EndGlobalSection
	GlobalSection(SolutionProperties) = preSolution
		HideSolutionNode = FALSE
	EndGlobalSection
	GlobalSection(ExtensibilityGlobals) = postSolution
		SolutionGuid = {8C68BD55-53D5-423C-B1FD-4D4E7831CA40}
	EndGlobalSection
EndGlobal
